
Microsoft Visual Studio Solution File, Format Version 12.00
# Visual Studio Version 16
VisualStudioVersion = 25.0.1703.6
MinimumVisualStudioVersion = 10.0.40219.1
Project("{FAE04EC0-301F-11D3-BF4B-00C04F79EFBC}") = "Project1", "Project1\Project1.csproj", "{01357171-51BD-425D-B76C-36BE520F2A68}"
EndProject
Project("{FAE04EC0-301F-11D3-BF4B-00C04F79EFBC}") = "HomeWork1", "HomeWork\HomeWork1.csproj", "{AC3FEFAB-FD40-4EF5-AD20-EDDFD460F1E3}"
EndProject
Project("{FAE04EC0-301F-11D3-BF4B-00C04F79EFBC}") = "HomeWork1.2", "HomeWork1.2\HomeWork1.2.csproj", "{F8E301B6-5237-48BF-9440-E75E1245FE0B}"
EndProject
Project("{FAE04EC0-301F-11D3-BF4B-00C04F79EFBC}") = "Lesson3.1", "Lesson3\Lesson3.1.csproj", "{EB310289-D0D6-4EBE-8826-936B865A229A}"
EndProject
Project("{FAE04EC0-301F-11D3-BF4B-00C04F79EFBC}") = "Lesson3.2", "Lesson3.2\Lesson3.2.csproj", "{7732B4DC-7AC4-44CE-97AC-B6ABDED02A23}"
EndProject
Project("{FAE04EC0-301F-11D3-BF4B-00C04F79EFBC}") = "HjmeWork3.1", "HjmeWork2.1\HjmeWork3.1.csproj", "{071C7680-7C9C-4F23-BCA3-01CDDC5A8984}"
EndProject
Project("{FAE04EC0-301F-11D3-BF4B-00C04F79EFBC}") = "Lesson4.1", "Lesson4.1\Lesson4.1.csproj", "{1F76EB4D-531E-4C51-B525-15AB3EF92A8F}"
EndProject
Global
	GlobalSection(SolutionConfigurationPlatforms) = preSolution
		Debug|Any CPU = Debug|Any CPU
		Release|Any CPU = Release|Any CPU
	EndGlobalSection
	GlobalSection(ProjectConfigurationPlatforms) = postSolution
		{01357171-51BD-425D-B76C-36BE520F2A68}.Debug|Any CPU.ActiveCfg = Debug|Any CPU
		{01357171-51BD-425D-B76C-36BE520F2A68}.Debug|Any CPU.Build.0 = Debug|Any CPU
		{01357171-51BD-425D-B76C-36BE520F2A68}.Release|Any CPU.ActiveCfg = Release|Any CPU
		{01357171-51BD-425D-B76C-36BE520F2A68}.Release|Any CPU.Build.0 = Release|Any CPU
		{AC3FEFAB-FD40-4EF5-AD20-EDDFD460F1E3}.Debug|Any CPU.ActiveCfg = Debug|Any CPU
		{AC3FEFAB-FD40-4EF5-AD20-EDDFD460F1E3}.Debug|Any CPU.Build.0 = Debug|Any CPU
		{AC3FEFAB-FD40-4EF5-AD20-EDDFD460F1E3}.Release|Any CPU.ActiveCfg = Release|Any CPU
		{AC3FEFAB-FD40-4EF5-AD20-EDDFD460F1E3}.Release|Any CPU.Build.0 = Release|Any CPU
		{F8E301B6-5237-48BF-9440-E75E1245FE0B}.Debug|Any CPU.ActiveCfg = Debug|Any CPU
		{F8E301B6-5237-48BF-9440-E75E1245FE0B}.Debug|Any CPU.Build.0 = Debug|Any CPU
		{F8E301B6-5237-48BF-9440-E75E1245FE0B}.Release|Any CPU.ActiveCfg = Release|Any CPU
		{F8E301B6-5237-48BF-9440-E75E1245FE0B}.Release|Any CPU.Build.0 = Release|Any CPU
		{EB310289-D0D6-4EBE-8826-936B865A229A}.Debug|Any CPU.ActiveCfg = Debug|Any CPU
		{EB310289-D0D6-4EBE-8826-936B865A229A}.Debug|Any CPU.Build.0 = Debug|Any CPU
		{EB310289-D0D6-4EBE-8826-936B865A229A}.Release|Any CPU.ActiveCfg = Release|Any CPU
		{EB310289-D0D6-4EBE-8826-936B865A229A}.Release|Any CPU.Build.0 = Release|Any CPU
		{7732B4DC-7AC4-44CE-97AC-B6ABDED02A23}.Debug|Any CPU.ActiveCfg = Debug|Any CPU
		{7732B4DC-7AC4-44CE-97AC-B6ABDED02A23}.Debug|Any CPU.Build.0 = Debug|Any CPU
		{7732B4DC-7AC4-44CE-97AC-B6ABDED02A23}.Release|Any CPU.ActiveCfg = Release|Any CPU
		{7732B4DC-7AC4-44CE-97AC-B6ABDED02A23}.Release|Any CPU.Build.0 = Release|Any CPU
		{071C7680-7C9C-4F23-BCA3-01CDDC5A8984}.Debug|Any CPU.ActiveCfg = Debug|Any CPU
		{071C7680-7C9C-4F23-BCA3-01CDDC5A8984}.Debug|Any CPU.Build.0 = Debug|Any CPU
		{071C7680-7C9C-4F23-BCA3-01CDDC5A8984}.Release|Any CPU.ActiveCfg = Release|Any CPU
		{071C7680-7C9C-4F23-BCA3-01CDDC5A8984}.Release|Any CPU.Build.0 = Release|Any CPU
		{1F76EB4D-531E-4C51-B525-15AB3EF92A8F}.Debug|Any CPU.ActiveCfg = Debug|Any CPU
		{1F76EB4D-531E-4C51-B525-15AB3EF92A8F}.Debug|Any CPU.Build.0 = Debug|Any CPU
		{1F76EB4D-531E-4C51-B525-15AB3EF92A8F}.Release|Any CPU.ActiveCfg = Release|Any CPU
		{1F76EB4D-531E-4C51-B525-15AB3EF92A8F}.Release|Any CPU.Build.0 = Release|Any CPU
	EndGlobalSection
	GlobalSection(SolutionProperties) = preSolution
		HideSolutionNode = FALSE
	EndGlobalSection
	GlobalSection(ExtensibilityGlobals) = postSolution
		SolutionGuid = {FFDEECE0-A58D-4F3B-8BA1-EB6EB6013E92}
	EndGlobalSection
EndGlobal
